
Microsoft Visual Studio Solution File, Format Version 12.00
# Visual Studio Version 17
VisualStudioVersion = 17.1.32210.238
MinimumVisualStudioVersion = 10.0.40219.1
Project("{8BC9CEB8-8B4A-11D0-8D11-00A0C91BC942}") = "AmongUsUnlocker", "AmongUsUnlocker\AmongUsUnlocker.vcxproj", "{FC99BE34-CB1B-40FC-9DBB-7307E8B4858E}"
EndProject
Global
	GlobalSection(SolutionConfigurationPlatforms) = preSolution
		Debug|x64 = Debug|x64
		Debug|x86 = Debug|x86
		Release|x64 = Release|x64
		Release|x86 = Release|x86
	EndGlobalSection
	GlobalSection(ProjectConfigurationPlatforms) = postSolution
		{FC99BE34-CB1B-40FC-9DBB-7307E8B4858E}.Debug|x64.ActiveCfg = Debug|x64
		{FC99BE34-CB1B-40FC-9DBB-7307E8B4858E}.Debug|x64.Build.0 = Debug|x64
		{FC99BE34-CB1B-40FC-9DBB-7307E8B4858E}.Debug|x86.ActiveCfg = Debug|Win32
		{FC99BE34-CB1B-40FC-9DBB-7307E8B4858E}.Debug|x86.Build.0 = Debug|Win32
		{FC99BE34-CB1B-40FC-9DBB-7307E8B4858E}.Release|x64.ActiveCfg = Release|x64
		{FC99BE34-CB1B-40FC-9DBB-7307E8B4858E}.Release|x64.Build.0 = Release|x64
		{FC99BE34-CB1B-40FC-9DBB-7307E8B4858E}.Release|x86.ActiveCfg = Release|Win32
		{FC99BE34-CB1B-40FC-9DBB-7307E8B4858E}.Release|x86.Build.0 = Release|Win32
	EndGlobalSection
	GlobalSection(SolutionProperties) = preSolution
		HideSolutionNode = FALSE
	EndGlobalSection
	GlobalSection(ExtensibilityGlobals) = postSolution
		SolutionGuid = {3FCBD021-3F9A-4679-AF1A-232452902BDF}
	EndGlobalSection
EndGlobal
